
Microsoft Visual Studio Solution File, Format Version 12.00
# Visual Studio Version 17
VisualStudioVersion = 17.11.35327.3
MinimumVisualStudioVersion = 10.0.40219.1
Project("{FAE04EC0-301F-11D3-BF4B-00C04F79EFBC}") = "LunchOrderLab", "LunchOrderLab\LunchOrderLab.csproj", "{6840B473-9258-4006-B51E-3F7CE82532EE}"
EndProject
Global
	GlobalSection(SolutionConfigurationPlatforms) = preSolution
		Debug|Any CPU = Debug|Any CPU
		Release|Any CPU = Release|Any CPU
	EndGlobalSection
	GlobalSection(ProjectConfigurationPlatforms) = postSolution
		{6840B473-9258-4006-B51E-3F7CE82532EE}.Debug|Any CPU.ActiveCfg = Debug|Any CPU
		{6840B473-9258-4006-B51E-3F7CE82532EE}.Debug|Any CPU.Build.0 = Debug|Any CPU
		{6840B473-9258-4006-B51E-3F7CE82532EE}.Release|Any CPU.ActiveCfg = Release|Any CPU
		{6840B473-9258-4006-B51E-3F7CE82532EE}.Release|Any CPU.Build.0 = Release|Any CPU
	EndGlobalSection
	GlobalSection(SolutionProperties) = preSolution
		HideSolutionNode = FALSE
	EndGlobalSection
	GlobalSection(ExtensibilityGlobals) = postSolution
		SolutionGuid = {5884E13C-523B-4965-B5A9-FC734BF7AB75}
	EndGlobalSection
EndGlobal
